// !$*UTF8*$!
{
	archiveVersion = 1;
	classes = {
	};
	objectVersion = 55;
	objects = {

/* Begin PBXBuildFile section */
		29F63589428F1EF2FA2B57E3 /* Pods_BeerFinder.framework in Frameworks */ = {isa = PBXBuildFile; fileRef = 9AB7750083E1230E8CFDDEEC /* Pods_BeerFinder.framework */; };
		65B9993CBFCEB13F4F41078F /* Pods_BeerFinder_BeerFinderUITests.framework in Frameworks */ = {isa = PBXBuildFile; fileRef = 4ECD2BD75207BCB0C9D5F8EE /* Pods_BeerFinder_BeerFinderUITests.framework */; };
		AA1A4F36271CA9A500AA598E /* AppDelegate.swift in Sources */ = {isa = PBXBuildFile; fileRef = AA1A4F35271CA9A500AA598E /* AppDelegate.swift */; };
		AA1A4F38271CA9A500AA598E /* SceneDelegate.swift in Sources */ = {isa = PBXBuildFile; fileRef = AA1A4F37271CA9A500AA598E /* SceneDelegate.swift */; };
		AA1A4F3A271CA9A500AA598E /* ViewController.swift in Sources */ = {isa = PBXBuildFile; fileRef = AA1A4F39271CA9A500AA598E /* ViewController.swift */; };
		AA1A4F3D271CA9A500AA598E /* Main.storyboard in Resources */ = {isa = PBXBuildFile; fileRef = AA1A4F3B271CA9A500AA598E /* Main.storyboard */; };
		AA1A4F3F271CA9A800AA598E /* Assets.xcassets in Resources */ = {isa = PBXBuildFile; fileRef = AA1A4F3E271CA9A800AA598E /* Assets.xcassets */; };
		AA1A4F42271CA9A800AA598E /* LaunchScreen.storyboard in Resources */ = {isa = PBXBuildFile; fileRef = AA1A4F40271CA9A800AA598E /* LaunchScreen.storyboard */; };
		AA1A4F4D271CA9A800AA598E /* BeerFinderTests.swift in Sources */ = {isa = PBXBuildFile; fileRef = AA1A4F4C271CA9A800AA598E /* BeerFinderTests.swift */; };
		AA1A4F57271CA9A800AA598E /* BeerFinderUITests.swift in Sources */ = {isa = PBXBuildFile; fileRef = AA1A4F56271CA9A800AA598E /* BeerFinderUITests.swift */; };
		AA1A4F59271CA9A800AA598E /* BeerFinderUITestsLaunchTests.swift in Sources */ = {isa = PBXBuildFile; fileRef = AA1A4F58271CA9A800AA598E /* BeerFinderUITestsLaunchTests.swift */; };
		AA1A4F71271CACBC00AA598E /* .swiftlint.yml in Resources */ = {isa = PBXBuildFile; fileRef = AA1A4F70271CACBC00AA598E /* .swiftlint.yml */; };
		B2610B8C796E3974344FC7E4 /* Pods_BeerFinderTests.framework in Frameworks */ = {isa = PBXBuildFile; fileRef = D9EF6338B06B5B58F3C27DC2 /* Pods_BeerFinderTests.framework */; };
/* End PBXBuildFile section */

/* Begin PBXContainerItemProxy section */
		AA1A4F49271CA9A800AA598E /* PBXContainerItemProxy */ = {
			isa = PBXContainerItemProxy;
			containerPortal = AA1A4F2A271CA9A500AA598E /* Project object */;
			proxyType = 1;
			remoteGlobalIDString = AA1A4F31271CA9A500AA598E;
			remoteInfo = BeerFinder;
		};
		AA1A4F53271CA9A800AA598E /* PBXContainerItemProxy */ = {
			isa = PBXContainerItemProxy;
			containerPortal = AA1A4F2A271CA9A500AA598E /* Project object */;
			proxyType = 1;
			remoteGlobalIDString = AA1A4F31271CA9A500AA598E;
			remoteInfo = BeerFinder;
		};
/* End PBXContainerItemProxy section */

/* Begin PBXFileReference section */
		4ECD2BD75207BCB0C9D5F8EE /* Pods_BeerFinder_BeerFinderUITests.framework */ = {isa = PBXFileReference; explicitFileType = wrapper.framework; includeInIndex = 0; path = Pods_BeerFinder_BeerFinderUITests.framework; sourceTree = BUILT_PRODUCTS_DIR; };
		5D2136F115DB315111976210 /* Pods-BeerFinderTests.debug.xcconfig */ = {isa = PBXFileReference; includeInIndex = 1; lastKnownFileType = text.xcconfig; name = "Pods-BeerFinderTests.debug.xcconfig"; path = "Target Support Files/Pods-BeerFinderTests/Pods-BeerFinderTests.debug.xcconfig"; sourceTree = "<group>"; };
		9AB7750083E1230E8CFDDEEC /* Pods_BeerFinder.framework */ = {isa = PBXFileReference; explicitFileType = wrapper.framework; includeInIndex = 0; path = Pods_BeerFinder.framework; sourceTree = BUILT_PRODUCTS_DIR; };
		9F395F391E772612D4FD723D /* Pods-BeerFinder-BeerFinderUITests.release.xcconfig */ = {isa = PBXFileReference; includeInIndex = 1; lastKnownFileType = text.xcconfig; name = "Pods-BeerFinder-BeerFinderUITests.release.xcconfig"; path = "Target Support Files/Pods-BeerFinder-BeerFinderUITests/Pods-BeerFinder-BeerFinderUITests.release.xcconfig"; sourceTree = "<group>"; };
		AA1A4F32271CA9A500AA598E /* BeerFinder.app */ = {isa = PBXFileReference; explicitFileType = wrapper.application; includeInIndex = 0; path = BeerFinder.app; sourceTree = BUILT_PRODUCTS_DIR; };
		AA1A4F35271CA9A500AA598E /* AppDelegate.swift */ = {isa = PBXFileReference; lastKnownFileType = sourcecode.swift; path = AppDelegate.swift; sourceTree = "<group>"; };
		AA1A4F37271CA9A500AA598E /* SceneDelegate.swift */ = {isa = PBXFileReference; lastKnownFileType = sourcecode.swift; path = SceneDelegate.swift; sourceTree = "<group>"; };
		AA1A4F39271CA9A500AA598E /* ViewController.swift */ = {isa = PBXFileReference; lastKnownFileType = sourcecode.swift; path = ViewController.swift; sourceTree = "<group>"; };
		AA1A4F3C271CA9A500AA598E /* Base */ = {isa = PBXFileReference; lastKnownFileType = file.storyboard; name = Base; path = Base.lproj/Main.storyboard; sourceTree = "<group>"; };
		AA1A4F3E271CA9A800AA598E /* Assets.xcassets */ = {isa = PBXFileReference; lastKnownFileType = folder.assetcatalog; path = Assets.xcassets; sourceTree = "<group>"; };
		AA1A4F41271CA9A800AA598E /* Base */ = {isa = PBXFileReference; lastKnownFileType = file.storyboard; name = Base; path = Base.lproj/LaunchScreen.storyboard; sourceTree = "<group>"; };
		AA1A4F43271CA9A800AA598E /* Info.plist */ = {isa = PBXFileReference; lastKnownFileType = text.plist.xml; path = Info.plist; sourceTree = "<group>"; };
		AA1A4F48271CA9A800AA598E /* BeerFinderTests.xctest */ = {isa = PBXFileReference; explicitFileType = wrapper.cfbundle; includeInIndex = 0; path = BeerFinderTests.xctest; sourceTree = BUILT_PRODUCTS_DIR; };
		AA1A4F4C271CA9A800AA598E /* BeerFinderTests.swift */ = {isa = PBXFileReference; lastKnownFileType = sourcecode.swift; path = BeerFinderTests.swift; sourceTree = "<group>"; };
		AA1A4F52271CA9A800AA598E /* BeerFinderUITests.xctest */ = {isa = PBXFileReference; explicitFileType = wrapper.cfbundle; includeInIndex = 0; path = BeerFinderUITests.xctest; sourceTree = BUILT_PRODUCTS_DIR; };
		AA1A4F56271CA9A800AA598E /* BeerFinderUITests.swift */ = {isa = PBXFileReference; lastKnownFileType = sourcecode.swift; path = BeerFinderUITests.swift; sourceTree = "<group>"; };
		AA1A4F58271CA9A800AA598E /* BeerFinderUITestsLaunchTests.swift */ = {isa = PBXFileReference; lastKnownFileType = sourcecode.swift; path = BeerFinderUITestsLaunchTests.swift; sourceTree = "<group>"; };
		AA1A4F65271CAB6E00AA598E /* RxCocoa.framework */ = {isa = PBXFileReference; explicitFileType = wrapper.framework; path = RxCocoa.framework; sourceTree = BUILT_PRODUCTS_DIR; };
		AA1A4F69271CAB7600AA598E /* RxRelay.framework */ = {isa = PBXFileReference; explicitFileType = wrapper.framework; path = RxRelay.framework; sourceTree = BUILT_PRODUCTS_DIR; };
		AA1A4F6C271CAB7A00AA598E /* RxSwift.framework */ = {isa = PBXFileReference; explicitFileType = wrapper.framework; path = RxSwift.framework; sourceTree = BUILT_PRODUCTS_DIR; };
		AA1A4F70271CACBC00AA598E /* .swiftlint.yml */ = {isa = PBXFileReference; lastKnownFileType = text.yaml; path = .swiftlint.yml; sourceTree = "<group>"; };
		B1419E5CF24BCE24E3DC821F /* Pods-BeerFinder-BeerFinderUITests.debug.xcconfig */ = {isa = PBXFileReference; includeInIndex = 1; lastKnownFileType = text.xcconfig; name = "Pods-BeerFinder-BeerFinderUITests.debug.xcconfig"; path = "Target Support Files/Pods-BeerFinder-BeerFinderUITests/Pods-BeerFinder-BeerFinderUITests.debug.xcconfig"; sourceTree = "<group>"; };
		C68B6B82DF43F367899AF201 /* Pods-BeerFinder.debug.xcconfig */ = {isa = PBXFileReference; includeInIndex = 1; lastKnownFileType = text.xcconfig; name = "Pods-BeerFinder.debug.xcconfig"; path = "Target Support Files/Pods-BeerFinder/Pods-BeerFinder.debug.xcconfig"; sourceTree = "<group>"; };
		D9EF6338B06B5B58F3C27DC2 /* Pods_BeerFinderTests.framework */ = {isa = PBXFileReference; explicitFileType = wrapper.framework; includeInIndex = 0; path = Pods_BeerFinderTests.framework; sourceTree = BUILT_PRODUCTS_DIR; };
		DADBC068C0A3DE5938FD297E /* Pods-BeerFinderTests.release.xcconfig */ = {isa = PBXFileReference; includeInIndex = 1; lastKnownFileType = text.xcconfig; name = "Pods-BeerFinderTests.release.xcconfig"; path = "Target Support Files/Pods-BeerFinderTests/Pods-BeerFinderTests.release.xcconfig"; sourceTree = "<group>"; };
		FB267D93B4CC483F9DC25458 /* Pods-BeerFinder.release.xcconfig */ = {isa = PBXFileReference; includeInIndex = 1; lastKnownFileType = text.xcconfig; name = "Pods-BeerFinder.release.xcconfig"; path = "Target Support Files/Pods-BeerFinder/Pods-BeerFinder.release.xcconfig"; sourceTree = "<group>"; };
/* End PBXFileReference section */

/* Begin PBXFrameworksBuildPhase section */
		AA1A4F2F271CA9A500AA598E /* Frameworks */ = {
			isa = PBXFrameworksBuildPhase;
			buildActionMask = 2147483647;
			files = (
				29F63589428F1EF2FA2B57E3 /* Pods_BeerFinder.framework in Frameworks */,
			);
			runOnlyForDeploymentPostprocessing = 0;
		};
		AA1A4F45271CA9A800AA598E /* Frameworks */ = {
			isa = PBXFrameworksBuildPhase;
			buildActionMask = 2147483647;
			files = (
				B2610B8C796E3974344FC7E4 /* Pods_BeerFinderTests.framework in Frameworks */,
			);
			runOnlyForDeploymentPostprocessing = 0;
		};
		AA1A4F4F271CA9A800AA598E /* Frameworks */ = {
			isa = PBXFrameworksBuildPhase;
			buildActionMask = 2147483647;
			files = (
				65B9993CBFCEB13F4F41078F /* Pods_BeerFinder_BeerFinderUITests.framework in Frameworks */,
			);
			runOnlyForDeploymentPostprocessing = 0;
		};
/* End PBXFrameworksBuildPhase section */

/* Begin PBXGroup section */
		09E23318DCF9F4F6197160BC /* Frameworks */ = {
			isa = PBXGroup;
			children = (
				AA1A4F6C271CAB7A00AA598E /* RxSwift.framework */,
				AA1A4F69271CAB7600AA598E /* RxRelay.framework */,
				AA1A4F65271CAB6E00AA598E /* RxCocoa.framework */,
				9AB7750083E1230E8CFDDEEC /* Pods_BeerFinder.framework */,
				4ECD2BD75207BCB0C9D5F8EE /* Pods_BeerFinder_BeerFinderUITests.framework */,
				D9EF6338B06B5B58F3C27DC2 /* Pods_BeerFinderTests.framework */,
			);
			name = Frameworks;
			sourceTree = "<group>";
		};
		AA1A4F29271CA9A500AA598E = {
			isa = PBXGroup;
			children = (
				AA1A4F70271CACBC00AA598E /* .swiftlint.yml */,
				AA1A4F34271CA9A500AA598E /* BeerFinder */,
				AA1A4F4B271CA9A800AA598E /* BeerFinderTests */,
				AA1A4F55271CA9A800AA598E /* BeerFinderUITests */,
				AA1A4F33271CA9A500AA598E /* Products */,
				BCBF1C1E32C883628481BA31 /* Pods */,
				09E23318DCF9F4F6197160BC /* Frameworks */,
			);
			sourceTree = "<group>";
		};
		AA1A4F33271CA9A500AA598E /* Products */ = {
			isa = PBXGroup;
			children = (
				AA1A4F32271CA9A500AA598E /* BeerFinder.app */,
				AA1A4F48271CA9A800AA598E /* BeerFinderTests.xctest */,
				AA1A4F52271CA9A800AA598E /* BeerFinderUITests.xctest */,
			);
			name = Products;
			sourceTree = "<group>";
		};
		AA1A4F34271CA9A500AA598E /* BeerFinder */ = {
			isa = PBXGroup;
			children = (
				AA1A4F35271CA9A500AA598E /* AppDelegate.swift */,
				AA1A4F37271CA9A500AA598E /* SceneDelegate.swift */,
				AA1A4F39271CA9A500AA598E /* ViewController.swift */,
				AA1A4F3B271CA9A500AA598E /* Main.storyboard */,
				AA1A4F3E271CA9A800AA598E /* Assets.xcassets */,
				AA1A4F40271CA9A800AA598E /* LaunchScreen.storyboard */,
				AA1A4F43271CA9A800AA598E /* Info.plist */,
			);
			path = BeerFinder;
			sourceTree = "<group>";
		};
		AA1A4F4B271CA9A800AA598E /* BeerFinderTests */ = {
			isa = PBXGroup;
			children = (
				AA1A4F4C271CA9A800AA598E /* BeerFinderTests.swift */,
			);
			path = BeerFinderTests;
			sourceTree = "<group>";
		};
		AA1A4F55271CA9A800AA598E /* BeerFinderUITests */ = {
			isa = PBXGroup;
			children = (
				AA1A4F56271CA9A800AA598E /* BeerFinderUITests.swift */,
				AA1A4F58271CA9A800AA598E /* BeerFinderUITestsLaunchTests.swift */,
			);
			path = BeerFinderUITests;
			sourceTree = "<group>";
		};
		BCBF1C1E32C883628481BA31 /* Pods */ = {
			isa = PBXGroup;
			children = (
				C68B6B82DF43F367899AF201 /* Pods-BeerFinder.debug.xcconfig */,
				FB267D93B4CC483F9DC25458 /* Pods-BeerFinder.release.xcconfig */,
				B1419E5CF24BCE24E3DC821F /* Pods-BeerFinder-BeerFinderUITests.debug.xcconfig */,
				9F395F391E772612D4FD723D /* Pods-BeerFinder-BeerFinderUITests.release.xcconfig */,
				5D2136F115DB315111976210 /* Pods-BeerFinderTests.debug.xcconfig */,
				DADBC068C0A3DE5938FD297E /* Pods-BeerFinderTests.release.xcconfig */,
			);
			path = Pods;
			sourceTree = "<group>";
		};
/* End PBXGroup section */

/* Begin PBXNativeTarget section */
		AA1A4F31271CA9A500AA598E /* BeerFinder */ = {
			isa = PBXNativeTarget;
			buildConfigurationList = AA1A4F5C271CA9A800AA598E /* Build configuration list for PBXNativeTarget "BeerFinder" */;
			buildPhases = (
				EAFAB65579C33089202B5C6B /* [CP] Check Pods Manifest.lock */,
				AA1A4F2E271CA9A500AA598E /* Sources */,
				AA1A4F2F271CA9A500AA598E /* Frameworks */,
				AA1A4F30271CA9A500AA598E /* Resources */,
				AC5F2BC8DBB3B2B9F2776F37 /* [CP] Embed Pods Frameworks */,
				AA1A4F6F271CAC9600AA598E /* ShellScript */,
			);
			buildRules = (
			);
			dependencies = (
			);
			name = BeerFinder;
			productName = BeerFinder;
			productReference = AA1A4F32271CA9A500AA598E /* BeerFinder.app */;
			productType = "com.apple.product-type.application";
		};
		AA1A4F47271CA9A800AA598E /* BeerFinderTests */ = {
			isa = PBXNativeTarget;
			buildConfigurationList = AA1A4F5F271CA9A800AA598E /* Build configuration list for PBXNativeTarget "BeerFinderTests" */;
			buildPhases = (
				DE4160103D86C08258F8478D /* [CP] Check Pods Manifest.lock */,
				AA1A4F44271CA9A800AA598E /* Sources */,
				AA1A4F45271CA9A800AA598E /* Frameworks */,
				AA1A4F46271CA9A800AA598E /* Resources */,
			);
			buildRules = (
			);
			dependencies = (
				AA1A4F4A271CA9A800AA598E /* PBXTargetDependency */,
			);
			name = BeerFinderTests;
			productName = BeerFinderTests;
			productReference = AA1A4F48271CA9A800AA598E /* BeerFinderTests.xctest */;
			productType = "com.apple.product-type.bundle.unit-test";
		};
		AA1A4F51271CA9A800AA598E /* BeerFinderUITests */ = {
			isa = PBXNativeTarget;
			buildConfigurationList = AA1A4F62271CA9A800AA598E /* Build configuration list for PBXNativeTarget "BeerFinderUITests" */;
			buildPhases = (
				D69D34FBADDDD8320C958659 /* [CP] Check Pods Manifest.lock */,
				AA1A4F4E271CA9A800AA598E /* Sources */,
				AA1A4F4F271CA9A800AA598E /* Frameworks */,
				AA1A4F50271CA9A800AA598E /* Resources */,
				D8059DDE77AF52277F12D3A0 /* [CP] Embed Pods Frameworks */,
			);
			buildRules = (
			);
			dependencies = (
				AA1A4F54271CA9A800AA598E /* PBXTargetDependency */,
			);
			name = BeerFinderUITests;
			productName = BeerFinderUITests;
			productReference = AA1A4F52271CA9A800AA598E /* BeerFinderUITests.xctest */;
			productType = "com.apple.product-type.bundle.ui-testing";
		};
/* End PBXNativeTarget section */

/* Begin PBXProject section */
		AA1A4F2A271CA9A500AA598E /* Project object */ = {
			isa = PBXProject;
			attributes = {
				BuildIndependentTargetsInParallel = 1;
				LastSwiftUpdateCheck = 1300;
				LastUpgradeCheck = 1300;
				TargetAttributes = {
					AA1A4F31271CA9A500AA598E = {
						CreatedOnToolsVersion = 13.0;
					};
					AA1A4F47271CA9A800AA598E = {
						CreatedOnToolsVersion = 13.0;
						TestTargetID = AA1A4F31271CA9A500AA598E;
					};
					AA1A4F51271CA9A800AA598E = {
						CreatedOnToolsVersion = 13.0;
						TestTargetID = AA1A4F31271CA9A500AA598E;
					};
				};
			};
			buildConfigurationList = AA1A4F2D271CA9A500AA598E /* Build configuration list for PBXProject "BeerFinder" */;
			compatibilityVersion = "Xcode 13.0";
			developmentRegion = en;
			hasScannedForEncodings = 0;
			knownRegions = (
				en,
				Base,
			);
			mainGroup = AA1A4F29271CA9A500AA598E;
			productRefGroup = AA1A4F33271CA9A500AA598E /* Products */;
			projectDirPath = "";
			projectRoot = "";
			targets = (
				AA1A4F31271CA9A500AA598E /* BeerFinder */,
				AA1A4F47271CA9A800AA598E /* BeerFinderTests */,
				AA1A4F51271CA9A800AA598E /* BeerFinderUITests */,
			);
		};
/* End PBXProject section */

/* Begin PBXResourcesBuildPhase section */
		AA1A4F30271CA9A500AA598E /* Resources */ = {
			isa = PBXResourcesBuildPhase;
			buildActionMask = 2147483647;
			files = (
				AA1A4F71271CACBC00AA598E /* .swiftlint.yml in Resources */,
				AA1A4F42271CA9A800AA598E /* LaunchScreen.storyboard in Resources */,
				AA1A4F3F271CA9A800AA598E /* Assets.xcassets in Resources */,
				AA1A4F3D271CA9A500AA598E /* Main.storyboard in Resources */,
			);
			runOnlyForDeploymentPostprocessing = 0;
		};
		AA1A4F46271CA9A800AA598E /* Resources */ = {
			isa = PBXResourcesBuildPhase;
			buildActionMask = 2147483647;
			files = (
			);
			runOnlyForDeploymentPostprocessing = 0;
		};
		AA1A4F50271CA9A800AA598E /* Resources */ = {
			isa = PBXResourcesBuildPhase;
			buildActionMask = 2147483647;
			files = (
			);
			runOnlyForDeploymentPostprocessing = 0;
		};
/* End PBXResourcesBuildPhase section */

/* Begin PBXShellScriptBuildPhase section */
		AA1A4F6F271CAC9600AA598E /* ShellScript */ = {
			isa = PBXShellScriptBuildPhase;
			buildActionMask = 2147483647;
			files = (
			);
			inputFileListPaths = (
			);
			inputPaths = (
			);
			outputFileListPaths = (
			);
			outputPaths = (
			);
			runOnlyForDeploymentPostprocessing = 0;
			shellPath = /bin/sh;
			shellScript = "${PODS_ROOT}/SwiftLint/swiftlint\n";
		};
		AC5F2BC8DBB3B2B9F2776F37 /* [CP] Embed Pods Frameworks */ = {
			isa = PBXShellScriptBuildPhase;
			buildActionMask = 2147483647;
			files = (
			);
			inputFileListPaths = (
				"${PODS_ROOT}/Target Support Files/Pods-BeerFinder/Pods-BeerFinder-frameworks-${CONFIGURATION}-input-files.xcfilelist",
			);
			name = "[CP] Embed Pods Frameworks";
			outputFileListPaths = (
				"${PODS_ROOT}/Target Support Files/Pods-BeerFinder/Pods-BeerFinder-frameworks-${CONFIGURATION}-output-files.xcfilelist",
			);
			runOnlyForDeploymentPostprocessing = 0;
			shellPath = /bin/sh;
			shellScript = "\"${PODS_ROOT}/Target Support Files/Pods-BeerFinder/Pods-BeerFinder-frameworks.sh\"\n";
			showEnvVarsInLog = 0;
		};
		D69D34FBADDDD8320C958659 /* [CP] Check Pods Manifest.lock */ = {
			isa = PBXShellScriptBuildPhase;
			buildActionMask = 2147483647;
			files = (
			);
			inputFileListPaths = (
			);
			inputPaths = (
				"${PODS_PODFILE_DIR_PATH}/Podfile.lock",
				"${PODS_ROOT}/Manifest.lock",
			);
			name = "[CP] Check Pods Manifest.lock";
			outputFileListPaths = (
			);
			outputPaths = (
				"$(DERIVED_FILE_DIR)/Pods-BeerFinder-BeerFinderUITests-checkManifestLockResult.txt",
			);
			runOnlyForDeploymentPostprocessing = 0;
			shellPath = /bin/sh;
			shellScript = "diff \"${PODS_PODFILE_DIR_PATH}/Podfile.lock\" \"${PODS_ROOT}/Manifest.lock\" > /dev/null\nif [ $? != 0 ] ; then\n    # print error to STDERR\n    echo \"error: The sandbox is not in sync with the Podfile.lock. Run 'pod install' or update your CocoaPods installation.\" >&2\n    exit 1\nfi\n# This output is used by Xcode 'outputs' to avoid re-running this script phase.\necho \"SUCCESS\" > \"${SCRIPT_OUTPUT_FILE_0}\"\n";
			showEnvVarsInLog = 0;
		};
		D8059DDE77AF52277F12D3A0 /* [CP] Embed Pods Frameworks */ = {
			isa = PBXShellScriptBuildPhase;
			buildActionMask = 2147483647;
			files = (
			);
			inputFileListPaths = (
				"${PODS_ROOT}/Target Support Files/Pods-BeerFinder-BeerFinderUITests/Pods-BeerFinder-BeerFinderUITests-frameworks-${CONFIGURATION}-input-files.xcfilelist",
			);
			name = "[CP] Embed Pods Frameworks";
			outputFileListPaths = (
				"${PODS_ROOT}/Target Support Files/Pods-BeerFinder-BeerFinderUITests/Pods-BeerFinder-BeerFinderUITests-frameworks-${CONFIGURATION}-output-files.xcfilelist",
			);
			runOnlyForDeploymentPostprocessing = 0;
			shellPath = /bin/sh;
			shellScript = "\"${PODS_ROOT}/Target Support Files/Pods-BeerFinder-BeerFinderUITests/Pods-BeerFinder-BeerFinderUITests-frameworks.sh\"\n";
			showEnvVarsInLog = 0;
		};
		DE4160103D86C08258F8478D /* [CP] Check Pods Manifest.lock */ = {
			isa = PBXShellScriptBuildPhase;
			buildActionMask = 2147483647;
			files = (
			);
			inputFileListPaths = (
			);
			inputPaths = (
				"${PODS_PODFILE_DIR_PATH}/Podfile.lock",
				"${PODS_ROOT}/Manifest.lock",
			);
			name = "[CP] Check Pods Manifest.lock";
			outputFileListPaths = (
			);
			outputPaths = (
				"$(DERIVED_FILE_DIR)/Pods-BeerFinderTests-checkManifestLockResult.txt",
			);
			runOnlyForDeploymentPostprocessing = 0;
			shellPath = /bin/sh;
			shellScript = "diff \"${PODS_PODFILE_DIR_PATH}/Podfile.lock\" \"${PODS_ROOT}/Manifest.lock\" > /dev/null\nif [ $? != 0 ] ; then\n    # print error to STDERR\n    echo \"error: The sandbox is not in sync with the Podfile.lock. Run 'pod install' or update your CocoaPods installation.\" >&2\n    exit 1\nfi\n# This output is used by Xcode 'outputs' to avoid re-running this script phase.\necho \"SUCCESS\" > \"${SCRIPT_OUTPUT_FILE_0}\"\n";
			showEnvVarsInLog = 0;
		};
		EAFAB65579C33089202B5C6B /* [CP] Check Pods Manifest.lock */ = {
			isa = PBXShellScriptBuildPhase;
			buildActionMask = 2147483647;
			files = (
			);
			inputFileListPaths = (
			);
			inputPaths = (
				"${PODS_PODFILE_DIR_PATH}/Podfile.lock",
				"${PODS_ROOT}/Manifest.lock",
			);
			name = "[CP] Check Pods Manifest.lock";
			outputFileListPaths = (
			);
			outputPaths = (
				"$(DERIVED_FILE_DIR)/Pods-BeerFinder-checkManifestLockResult.txt",
			);
			runOnlyForDeploymentPostprocessing = 0;
			shellPath = /bin/sh;
			shellScript = "diff \"${PODS_PODFILE_DIR_PATH}/Podfile.lock\" \"${PODS_ROOT}/Manifest.lock\" > /dev/null\nif [ $? != 0 ] ; then\n    # print error to STDERR\n    echo \"error: The sandbox is not in sync with the Podfile.lock. Run 'pod install' or update your CocoaPods installation.\" >&2\n    exit 1\nfi\n# This output is used by Xcode 'outputs' to avoid re-running this script phase.\necho \"SUCCESS\" > \"${SCRIPT_OUTPUT_FILE_0}\"\n";
			showEnvVarsInLog = 0;
		};
/* End PBXShellScriptBuildPhase section */

/* Begin PBXSourcesBuildPhase section */
		AA1A4F2E271CA9A500AA598E /* Sources */ = {
			isa = PBXSourcesBuildPhase;
			buildActionMask = 2147483647;
			files = (
				AA1A4F3A271CA9A500AA598E /* ViewController.swift in Sources */,
				AA1A4F36271CA9A500AA598E /* AppDelegate.swift in Sources */,
				AA1A4F38271CA9A500AA598E /* SceneDelegate.swift in Sources */,
			);
			runOnlyForDeploymentPostprocessing = 0;
		};
		AA1A4F44271CA9A800AA598E /* Sources */ = {
			isa = PBXSourcesBuildPhase;
			buildActionMask = 2147483647;
			files = (
				AA1A4F4D271CA9A800AA598E /* BeerFinderTests.swift in Sources */,
			);
			runOnlyForDeploymentPostprocessing = 0;
		};
		AA1A4F4E271CA9A800AA598E /* Sources */ = {
			isa = PBXSourcesBuildPhase;
			buildActionMask = 2147483647;
			files = (
				AA1A4F59271CA9A800AA598E /* BeerFinderUITestsLaunchTests.swift in Sources */,
				AA1A4F57271CA9A800AA598E /* BeerFinderUITests.swift in Sources */,
			);
			runOnlyForDeploymentPostprocessing = 0;
		};
/* End PBXSourcesBuildPhase section */

/* Begin PBXTargetDependency section */
		AA1A4F4A271CA9A800AA598E /* PBXTargetDependency */ = {
			isa = PBXTargetDependency;
			target = AA1A4F31271CA9A500AA598E /* BeerFinder */;
			targetProxy = AA1A4F49271CA9A800AA598E /* PBXContainerItemProxy */;
		};
		AA1A4F54271CA9A800AA598E /* PBXTargetDependency */ = {
			isa = PBXTargetDependency;
			target = AA1A4F31271CA9A500AA598E /* BeerFinder */;
			targetProxy = AA1A4F53271CA9A800AA598E /* PBXContainerItemProxy */;
		};
/* End PBXTargetDependency section */

/* Begin PBXVariantGroup section */
		AA1A4F3B271CA9A500AA598E /* Main.storyboard */ = {
			isa = PBXVariantGroup;
			children = (
				AA1A4F3C271CA9A500AA598E /* Base */,
			);
			name = Main.storyboard;
			sourceTree = "<group>";
		};
		AA1A4F40271CA9A800AA598E /* LaunchScreen.storyboard */ = {
			isa = PBXVariantGroup;
			children = (
				AA1A4F41271CA9A800AA598E /* Base */,
			);
			name = LaunchScreen.storyboard;
			sourceTree = "<group>";
		};
/* End PBXVariantGroup section */

/* Begin XCBuildConfiguration section */
		AA1A4F5A271CA9A800AA598E /* Debug */ = {
			isa = XCBuildConfiguration;
			buildSettings = {
				ALWAYS_SEARCH_USER_PATHS = NO;
				CLANG_ANALYZER_NONNULL = YES;
				CLANG_ANALYZER_NUMBER_OBJECT_CONVERSION = YES_AGGRESSIVE;
				CLANG_CXX_LANGUAGE_STANDARD = "gnu++17";
				CLANG_CXX_LIBRARY = "libc++";
				CLANG_ENABLE_MODULES = YES;
				CLANG_ENABLE_OBJC_ARC = YES;
				CLANG_ENABLE_OBJC_WEAK = YES;
				CLANG_WARN_BLOCK_CAPTURE_AUTORELEASING = YES;
				CLANG_WARN_BOOL_CONVERSION = YES;
				CLANG_WARN_COMMA = YES;
				CLANG_WARN_CONSTANT_CONVERSION = YES;
				CLANG_WARN_DEPRECATED_OBJC_IMPLEMENTATIONS = YES;
				CLANG_WARN_DIRECT_OBJC_ISA_USAGE = YES_ERROR;
				CLANG_WARN_DOCUMENTATION_COMMENTS = YES;
				CLANG_WARN_EMPTY_BODY = YES;
				CLANG_WARN_ENUM_CONVERSION = YES;
				CLANG_WARN_INFINITE_RECURSION = YES;
				CLANG_WARN_INT_CONVERSION = YES;
				CLANG_WARN_NON_LITERAL_NULL_CONVERSION = YES;
				CLANG_WARN_OBJC_IMPLICIT_RETAIN_SELF = YES;
				CLANG_WARN_OBJC_LITERAL_CONVERSION = YES;
				CLANG_WARN_OBJC_ROOT_CLASS = YES_ERROR;
				CLANG_WARN_QUOTED_INCLUDE_IN_FRAMEWORK_HEADER = YES;
				CLANG_WARN_RANGE_LOOP_ANALYSIS = YES;
				CLANG_WARN_STRICT_PROTOTYPES = YES;
				CLANG_WARN_SUSPICIOUS_MOVE = YES;
				CLANG_WARN_UNGUARDED_AVAILABILITY = YES_AGGRESSIVE;
				CLANG_WARN_UNREACHABLE_CODE = YES;
				CLANG_WARN__DUPLICATE_METHOD_MATCH = YES;
				COPY_PHASE_STRIP = NO;
				DEBUG_INFORMATION_FORMAT = dwarf;
				ENABLE_STRICT_OBJC_MSGSEND = YES;
				ENABLE_TESTABILITY = YES;
				GCC_C_LANGUAGE_STANDARD = gnu11;
				GCC_DYNAMIC_NO_PIC = NO;
				GCC_NO_COMMON_BLOCKS = YES;
				GCC_OPTIMIZATION_LEVEL = 0;
				GCC_PREPROCESSOR_DEFINITIONS = (
					"DEBUG=1",
					"$(inherited)",
				);
				GCC_WARN_64_TO_32_BIT_CONVERSION = YES;
				GCC_WARN_ABOUT_RETURN_TYPE = YES_ERROR;
				GCC_WARN_UNDECLARED_SELECTOR = YES;
				GCC_WARN_UNINITIALIZED_AUTOS = YES_AGGRESSIVE;
				GCC_WARN_UNUSED_FUNCTION = YES;
				GCC_WARN_UNUSED_VARIABLE = YES;
				IPHONEOS_DEPLOYMENT_TARGET = 14.0;
				MTL_ENABLE_DEBUG_INFO = INCLUDE_SOURCE;
				MTL_FAST_MATH = YES;
				ONLY_ACTIVE_ARCH = YES;
				SDKROOT = iphoneos;
				SWIFT_ACTIVE_COMPILATION_CONDITIONS = DEBUG;
				SWIFT_OPTIMIZATION_LEVEL = "-Onone";
			};
			name = Debug;
		};
		AA1A4F5B271CA9A800AA598E /* Release */ = {
			isa = XCBuildConfiguration;
			buildSettings = {
				ALWAYS_SEARCH_USER_PATHS = NO;
				CLANG_ANALYZER_NONNULL = YES;
				CLANG_ANALYZER_NUMBER_OBJECT_CONVERSION = YES_AGGRESSIVE;
				CLANG_CXX_LANGUAGE_STANDARD = "gnu++17";
				CLANG_CXX_LIBRARY = "libc++";
				CLANG_ENABLE_MODULES = YES;
				CLANG_ENABLE_OBJC_ARC = YES;
				CLANG_ENABLE_OBJC_WEAK = YES;
				CLANG_WARN_BLOCK_CAPTURE_AUTORELEASING = YES;
				CLANG_WARN_BOOL_CONVERSION = YES;
				CLANG_WARN_COMMA = YES;
				CLANG_WARN_CONSTANT_CONVERSION = YES;
				CLANG_WARN_DEPRECATED_OBJC_IMPLEMENTATIONS = YES;
				CLANG_WARN_DIRECT_OBJC_ISA_USAGE = YES_ERROR;
				CLANG_WARN_DOCUMENTATION_COMMENTS = YES;
				CLANG_WARN_EMPTY_BODY = YES;
				CLANG_WARN_ENUM_CONVERSION = YES;
				CLANG_WARN_INFINITE_RECURSION = YES;
				CLANG_WARN_INT_CONVERSION = YES;
				CLANG_WARN_NON_LITERAL_NULL_CONVERSION = YES;
				CLANG_WARN_OBJC_IMPLICIT_RETAIN_SELF = YES;
				CLANG_WARN_OBJC_LITERAL_CONVERSION = YES;
				CLANG_WARN_OBJC_ROOT_CLASS = YES_ERROR;
				CLANG_WARN_QUOTED_INCLUDE_IN_FRAMEWORK_HEADER = YES;
				CLANG_WARN_RANGE_LOOP_ANALYSIS = YES;
				CLANG_WARN_STRICT_PROTOTYPES = YES;
				CLANG_WARN_SUSPICIOUS_MOVE = YES;
				CLANG_WARN_UNGUARDED_AVAILABILITY = YES_AGGRESSIVE;
				CLANG_WARN_UNREACHABLE_CODE = YES;
				CLANG_WARN__DUPLICATE_METHOD_MATCH = YES;
				COPY_PHASE_STRIP = NO;
				DEBUG_INFORMATION_FORMAT = "dwarf-with-dsym";
				ENABLE_NS_ASSERTIONS = NO;
				ENABLE_STRICT_OBJC_MSGSEND = YES;
				GCC_C_LANGUAGE_STANDARD = gnu11;
				GCC_NO_COMMON_BLOCKS = YES;
				GCC_WARN_64_TO_32_BIT_CONVERSION = YES;
				GCC_WARN_ABOUT_RETURN_TYPE = YES_ERROR;
				GCC_WARN_UNDECLARED_SELECTOR = YES;
				GCC_WARN_UNINITIALIZED_AUTOS = YES_AGGRESSIVE;
				GCC_WARN_UNUSED_FUNCTION = YES;
				GCC_WARN_UNUSED_VARIABLE = YES;
				IPHONEOS_DEPLOYMENT_TARGET = 14.0;
				MTL_ENABLE_DEBUG_INFO = NO;
				MTL_FAST_MATH = YES;
				SDKROOT = iphoneos;
				SWIFT_COMPILATION_MODE = wholemodule;
				SWIFT_OPTIMIZATION_LEVEL = "-O";
				VALIDATE_PRODUCT = YES;
			};
			name = Release;
		};
		AA1A4F5D271CA9A800AA598E /* Debug */ = {
			isa = XCBuildConfiguration;
			baseConfigurationReference = C68B6B82DF43F367899AF201 /* Pods-BeerFinder.debug.xcconfig */;
			buildSettings = {
				ASSETCATALOG_COMPILER_APPICON_NAME = AppIcon;
				ASSETCATALOG_COMPILER_GLOBAL_ACCENT_COLOR_NAME = AccentColor;
				CODE_SIGN_STYLE = Automatic;
				CURRENT_PROJECT_VERSION = 1;
				DEVELOPMENT_TEAM = W62BWL527B;
				GENERATE_INFOPLIST_FILE = YES;
				INFOPLIST_FILE = BeerFinder/Info.plist;
				INFOPLIST_KEY_UIApplicationSupportsIndirectInputEvents = YES;
				INFOPLIST_KEY_UILaunchStoryboardName = LaunchScreen;
				INFOPLIST_KEY_UIMainStoryboardFile = Main;
				INFOPLIST_KEY_UISupportedInterfaceOrientations_iPad = "UIInterfaceOrientationPortrait UIInterfaceOrientationPortraitUpsideDown UIInterfaceOrientationLandscapeLeft UIInterfaceOrientationLandscapeRight";
				INFOPLIST_KEY_UISupportedInterfaceOrientations_iPhone = "UIInterfaceOrientationPortrait UIInterfaceOrientationLandscapeLeft UIInterfaceOrientationLandscapeRight";
				LD_RUNPATH_SEARCH_PATHS = (
					"$(inherited)",
					"@executable_path/Frameworks",
				);
				MARKETING_VERSION = 1.0;
				PRODUCT_BUNDLE_IDENTIFIER = net.ryan1002.BeerFinder;
				PRODUCT_NAME = "$(TARGET_NAME)";
				SWIFT_EMIT_LOC_STRINGS = YES;
				SWIFT_VERSION = 5.0;
				TARGETED_DEVICE_FAMILY = "1,2";
			};
			name = Debug;
		};
		AA1A4F5E271CA9A800AA598E /* Release */ = {
			isa = XCBuildConfiguration;
			baseConfigurationReference = FB267D93B4CC483F9DC25458 /* Pods-BeerFinder.release.xcconfig */;
			buildSettings = {
				ASSETCATALOG_COMPILER_APPICON_NAME = AppIcon;
				ASSETCATALOG_COMPILER_GLOBAL_ACCENT_COLOR_NAME = AccentColor;
				CODE_SIGN_STYLE = Automatic;
				CURRENT_PROJECT_VERSION = 1;
				DEVELOPMENT_TEAM = W62BWL527B;
				GENERATE_INFOPLIST_FILE = YES;
				INFOPLIST_FILE = BeerFinder/Info.plist;
				INFOPLIST_KEY_UIApplicationSupportsIndirectInputEvents = YES;
				INFOPLIST_KEY_UILaunchStoryboardName = LaunchScreen;
				INFOPLIST_KEY_UIMainStoryboardFile = Main;
				INFOPLIST_KEY_UISupportedInterfaceOrientations_iPad = "UIInterfaceOrientationPortrait UIInterfaceOrientationPortraitUpsideDown UIInterfaceOrientationLandscapeLeft UIInterfaceOrientationLandscapeRight";
				INFOPLIST_KEY_UISupportedInterfaceOrientations_iPhone = "UIInterfaceOrientationPortrait UIInterfaceOrientationLandscapeLeft UIInterfaceOrientationLandscapeRight";
				LD_RUNPATH_SEARCH_PATHS = (
					"$(inherited)",
					"@executable_path/Frameworks",
				);
				MARKETING_VERSION = 1.0;
				PRODUCT_BUNDLE_IDENTIFIER = net.ryan1002.BeerFinder;
				PRODUCT_NAME = "$(TARGET_NAME)";
				SWIFT_EMIT_LOC_STRINGS = YES;
				SWIFT_VERSION = 5.0;
				TARGETED_DEVICE_FAMILY = "1,2";
			};
			name = Release;
		};
		AA1A4F60271CA9A800AA598E /* Debug */ = {
			isa = XCBuildConfiguration;
			baseConfigurationReference = 5D2136F115DB315111976210 /* Pods-BeerFinderTests.debug.xcconfig */;
			buildSettings = {
				ALWAYS_EMBED_SWIFT_STANDARD_LIBRARIES = YES;
				BUNDLE_LOADER = "$(TEST_HOST)";
				CODE_SIGN_STYLE = Automatic;
				CURRENT_PROJECT_VERSION = 1;
				DEVELOPMENT_TEAM = W62BWL527B;
				GENERATE_INFOPLIST_FILE = YES;
				IPHONEOS_DEPLOYMENT_TARGET = 15.0;
				LD_RUNPATH_SEARCH_PATHS = (
					"$(inherited)",
					"@executable_path/Frameworks",
					"@loader_path/Frameworks",
				);
				MARKETING_VERSION = 1.0;
				PRODUCT_BUNDLE_IDENTIFIER = net.ryan1002.BeerFinderTests;
				PRODUCT_NAME = "$(TARGET_NAME)";
				SWIFT_EMIT_LOC_STRINGS = NO;
				SWIFT_VERSION = 5.0;
				TARGETED_DEVICE_FAMILY = "1,2";
				TEST_HOST = "$(BUILT_PRODUCTS_DIR)/BeerFinder.app/BeerFinder";
			};
			name = Debug;
		};
		AA1A4F61271CA9A800AA598E /* Release */ = {
			isa = XCBuildConfiguration;
			baseConfigurationReference = DADBC068C0A3DE5938FD297E /* Pods-BeerFinderTests.release.xcconfig */;
			buildSettings = {
				ALWAYS_EMBED_SWIFT_STANDARD_LIBRARIES = YES;
				BUNDLE_LOADER = "$(TEST_HOST)";
				CODE_SIGN_STYLE = Automatic;
				CURRENT_PROJECT_VERSION = 1;
				DEVELOPMENT_TEAM = W62BWL527B;
				GENERATE_INFOPLIST_FILE = YES;
				IPHONEOS_DEPLOYMENT_TARGET = 15.0;
				LD_RUNPATH_SEARCH_PATHS = (
					"$(inherited)",
					"@executable_path/Frameworks",
					"@loader_path/Frameworks",
				);
				MARKETING_VERSION = 1.0;
				PRODUCT_BUNDLE_IDENTIFIER = net.ryan1002.BeerFinderTests;
				PRODUCT_NAME = "$(TARGET_NAME)";
				SWIFT_EMIT_LOC_STRINGS = NO;
				SWIFT_VERSION = 5.0;
				TARGETED_DEVICE_FAMILY = "1,2";
				TEST_HOST = "$(BUILT_PRODUCTS_DIR)/BeerFinder.app/BeerFinder";
			};
			name = Release;
		};
		AA1A4F63271CA9A800AA598E /* Debug */ = {
			isa = XCBuildConfiguration;
			baseConfigurationReference = B1419E5CF24BCE24E3DC821F /* Pods-BeerFinder-BeerFinderUITests.debug.xcconfig */;
			buildSettings = {
				ALWAYS_EMBED_SWIFT_STANDARD_LIBRARIES = YES;
				CODE_SIGN_STYLE = Automatic;
				CURRENT_PROJECT_VERSION = 1;
				DEVELOPMENT_TEAM = W62BWL527B;
				GENERATE_INFOPLIST_FILE = YES;
				LD_RUNPATH_SEARCH_PATHS = (
					"$(inherited)",
					"@executable_path/Frameworks",
					"@loader_path/Frameworks",
				);
				MARKETING_VERSION = 1.0;
				PRODUCT_BUNDLE_IDENTIFIER = net.ryan1002.BeerFinderUITests;
				PRODUCT_NAME = "$(TARGET_NAME)";
				SWIFT_EMIT_LOC_STRINGS = NO;
				SWIFT_VERSION = 5.0;
				TARGETED_DEVICE_FAMILY = "1,2";
				TEST_TARGET_NAME = BeerFinder;
			};
			name = Debug;
		};
		AA1A4F64271CA9A800AA598E /* Release */ = {
			isa = XCBuildConfiguration;
			baseConfigurationReference = 9F395F391E772612D4FD723D /* Pods-BeerFinder-BeerFinderUITests.release.xcconfig */;
			buildSettings = {
				ALWAYS_EMBED_SWIFT_STANDARD_LIBRARIES = YES;
				CODE_SIGN_STYLE = Automatic;
				CURRENT_PROJECT_VERSION = 1;
				DEVELOPMENT_TEAM = W62BWL527B;
				GENERATE_INFOPLIST_FILE = YES;
				LD_RUNPATH_SEARCH_PATHS = (
					"$(inherited)",
					"@executable_path/Frameworks",
					"@loader_path/Frameworks",
				);
				MARKETING_VERSION = 1.0;
				PRODUCT_BUNDLE_IDENTIFIER = net.ryan1002.BeerFinderUITests;
				PRODUCT_NAME = "$(TARGET_NAME)";
				SWIFT_EMIT_LOC_STRINGS = NO;
				SWIFT_VERSION = 5.0;
				TARGETED_DEVICE_FAMILY = "1,2";
				TEST_TARGET_NAME = BeerFinder;
			};
			name = Release;
		};
/* End XCBuildConfiguration section */

/* Begin XCConfigurationList section */
		AA1A4F2D271CA9A500AA598E /* Build configuration list for PBXProject "BeerFinder" */ = {
			isa = XCConfigurationList;
			buildConfigurations = (
				AA1A4F5A271CA9A800AA598E /* Debug */,
				AA1A4F5B271CA9A800AA598E /* Release */,
			);
			defaultConfigurationIsVisible = 0;
			defaultConfigurationName = Release;
		};
		AA1A4F5C271CA9A800AA598E /* Build configuration list for PBXNativeTarget "BeerFinder" */ = {
			isa = XCConfigurationList;
			buildConfigurations = (
				AA1A4F5D271CA9A800AA598E /* Debug */,
				AA1A4F5E271CA9A800AA598E /* Release */,
			);
			defaultConfigurationIsVisible = 0;
			defaultConfigurationName = Release;
		};
		AA1A4F5F271CA9A800AA598E /* Build configuration list for PBXNativeTarget "BeerFinderTests" */ = {
			isa = XCConfigurationList;
			buildConfigurations = (
				AA1A4F60271CA9A800AA598E /* Debug */,
				AA1A4F61271CA9A800AA598E /* Release */,
			);
			defaultConfigurationIsVisible = 0;
			defaultConfigurationName = Release;
		};
		AA1A4F62271CA9A800AA598E /* Build configuration list for PBXNativeTarget "BeerFinderUITests" */ = {
			isa = XCConfigurationList;
			buildConfigurations = (
				AA1A4F63271CA9A800AA598E /* Debug */,
				AA1A4F64271CA9A800AA598E /* Release */,
			);
			defaultConfigurationIsVisible = 0;
			defaultConfigurationName = Release;
		};
/* End XCConfigurationList section */
	};
	rootObject = AA1A4F2A271CA9A500AA598E /* Project object */;
}
